
Microsoft Visual Studio Solution File, Format Version 12.00
# Visual Studio Version 16
VisualStudioVersion = 16.0.810.20
MinimumVisualStudioVersion = 10.0.40219.1
Project("{FAE04EC0-301F-11D3-BF4B-00C04F79EFBC}") = "HS3.Game", "HS3.Game\HS3.Game.csproj", "{D85AEF29-158B-4E5F-B9E1-0564C7E5FAC7}"
EndProject
Global
	GlobalSection(SolutionConfigurationPlatforms) = preSolution
		Debug|Any CPU = Debug|Any CPU
		Release|Any CPU = Release|Any CPU
	EndGlobalSection
	GlobalSection(ProjectConfigurationPlatforms) = postSolution
		{D85AEF29-158B-4E5F-B9E1-0564C7E5FAC7}.Debug|Any CPU.ActiveCfg = Debug|Any CPU
		{D85AEF29-158B-4E5F-B9E1-0564C7E5FAC7}.Debug|Any CPU.Build.0 = Debug|Any CPU
		{D85AEF29-158B-4E5F-B9E1-0564C7E5FAC7}.Release|Any CPU.ActiveCfg = Release|Any CPU
		{D85AEF29-158B-4E5F-B9E1-0564C7E5FAC7}.Release|Any CPU.Build.0 = Release|Any CPU
	EndGlobalSection
	GlobalSection(SolutionProperties) = preSolution
		HideSolutionNode = FALSE
	EndGlobalSection
	GlobalSection(ExtensibilityGlobals) = postSolution
		SolutionGuid = {7C315DED-27D9-4B39-BB80-1A2060D7169C}
	EndGlobalSection
EndGlobal
